
Microsoft Visual Studio Solution File, Format Version 12.00
# Visual Studio Version 16
VisualStudioVersion = 16.0.31424.327
MinimumVisualStudioVersion = 10.0.40219.1
Project("{FAE04EC0-301F-11D3-BF4B-00C04F79EFBC}") = "MVC store", "MVC store\MVC store.csproj", "{C20CDAC2-878C-4B45-8041-3B3CCBAA11D3}"
EndProject
Global
	GlobalSection(SolutionConfigurationPlatforms) = preSolution
		Debug|Any CPU = Debug|Any CPU
		Release|Any CPU = Release|Any CPU
	EndGlobalSection
	GlobalSection(ProjectConfigurationPlatforms) = postSolution
		{C20CDAC2-878C-4B45-8041-3B3CCBAA11D3}.Debug|Any CPU.ActiveCfg = Debug|Any CPU
		{C20CDAC2-878C-4B45-8041-3B3CCBAA11D3}.Debug|Any CPU.Build.0 = Debug|Any CPU
		{C20CDAC2-878C-4B45-8041-3B3CCBAA11D3}.Release|Any CPU.ActiveCfg = Release|Any CPU
		{C20CDAC2-878C-4B45-8041-3B3CCBAA11D3}.Release|Any CPU.Build.0 = Release|Any CPU
	EndGlobalSection
	GlobalSection(SolutionProperties) = preSolution
		HideSolutionNode = FALSE
	EndGlobalSection
	GlobalSection(ExtensibilityGlobals) = postSolution
		SolutionGuid = {382BF48D-4A8D-496C-8A05-E253CD132E3E}
	EndGlobalSection
EndGlobal
